
Microsoft Visual Studio Solution File, Format Version 12.00
# Visual Studio Version 17
VisualStudioVersion = 17.3.32825.248
MinimumVisualStudioVersion = 10.0.40219.1
Project("{FAE04EC0-301F-11D3-BF4B-00C04F79EFBC}") = "Exec_Factorial", "Exec_Factorial\Exec_Factorial.csproj", "{B923AC49-DDF1-4DF3-A9C7-394C8593613C}"
EndProject
Global
	GlobalSection(SolutionConfigurationPlatforms) = preSolution
		Debug|Any CPU = Debug|Any CPU
		Release|Any CPU = Release|Any CPU
	EndGlobalSection
	GlobalSection(ProjectConfigurationPlatforms) = postSolution
		{B923AC49-DDF1-4DF3-A9C7-394C8593613C}.Debug|Any CPU.ActiveCfg = Debug|Any CPU
		{B923AC49-DDF1-4DF3-A9C7-394C8593613C}.Debug|Any CPU.Build.0 = Debug|Any CPU
		{B923AC49-DDF1-4DF3-A9C7-394C8593613C}.Release|Any CPU.ActiveCfg = Release|Any CPU
		{B923AC49-DDF1-4DF3-A9C7-394C8593613C}.Release|Any CPU.Build.0 = Release|Any CPU
	EndGlobalSection
	GlobalSection(SolutionProperties) = preSolution
		HideSolutionNode = FALSE
	EndGlobalSection
	GlobalSection(ExtensibilityGlobals) = postSolution
		SolutionGuid = {E6E2D2E7-6F9E-40FD-8356-12A6AE1EB356}
	EndGlobalSection
EndGlobal
